github.com/Patrick-ring-motive/deferrable v0.0.0-20240305173137-1b9086e4accc h1:iYYFMigEnH5+iSc8CPpdG3sJ3wJNlgFoDbqgtVZhhJA=
github.com/Patrick-ring-motive/deferrable v0.0.0-20240305173137-1b9086e4accc/go.mod h1:CWVDI7DomKYCl8UPgCF1lipVeCXs6IwruMFDWZGBTXI=
github.com/Patrick-ring-motive/ione v0.0.0-20240418031148-2b2c306ee19c h1:8kdXeKlLboY10vcdwnwx5rPeS4pXybHHx4BDJ6Lm4/8=
github.com/Patrick-ring-motive/ione v0.0.0-20240418031148-2b2c306ee19c/go.mod h1:KrBrRMEa/+EU0sVsEzeROOn1mXXQyOwVaA0iZpcgk14=
github.com/Patrick-ring-motive/traigo v0.0.0-20240305192820-c1dc619215e1 h1:geAyNgkgauTosXIsYaJlTYyci57WXWY8lwISL6zBbZ0=
github.com/Patrick-ring-motive/traigo v0.0.0-20240305192820-c1dc619215e1/go.mod h1:nJGt5fp3HXWWdmYaYPsp02WdoW8UoYQVGbNIeIgarmo=
github.com/Patrick-ring-motive/traigo v0.0.0-20240414033216-ad52aa5ce0c7/go.mod h1:nJGt5fp3HXWWdmYaYPsp02WdoW8UoYQVGbNIeIgarmo=
github.com/Patrick-ring-motive/utils v0.0.0-20240318150730-fe258b7060a9 h1:/0Lq7Ze8Q+ZmUXcrKNKpR620uL6gmMWswNxjYsgR/Zo=
github.com/Patrick-ring-motive/utils v0.0.0-20240318150730-fe258b7060a9/go.mod h1:DlxDMFh00WWZ7kD5tKwOXEs8bBeBY0FxkAMMFHNarfE=
